// !$*UTF8*$!
{
	archiveVersion = 1;
	classes = {
	};
	objectVersion = 56;
	objects = {

/* Begin PBXBuildFile section */
		02C2C7CB2C1B7FE600847016 /* DessertsApp.swift in Sources */ = {isa = PBXBuildFile; fileRef = 02C2C7CA2C1B7FE600847016 /* DessertsApp.swift */; };
		02C2C7CD2C1B7FE600847016 /* MealsView.swift in Sources */ = {isa = PBXBuildFile; fileRef = 02C2C7CC2C1B7FE600847016 /* MealsView.swift */; };
		02C2C7CF2C1B7FE900847016 /* Assets.xcassets in Resources */ = {isa = PBXBuildFile; fileRef = 02C2C7CE2C1B7FE900847016 /* Assets.xcassets */; };
		02C2C7D22C1B7FE900847016 /* Preview Assets.xcassets in Resources */ = {isa = PBXBuildFile; fileRef = 02C2C7D12C1B7FE900847016 /* Preview Assets.xcassets */; };
		02C2C7F62C1B806200847016 /* MealClient.swift in Sources */ = {isa = PBXBuildFile; fileRef = 02C2C7F52C1B806200847016 /* MealClient.swift */; };
		02C2C7F92C1B826600847016 /* Meal.swift in Sources */ = {isa = PBXBuildFile; fileRef = 02C2C7F82C1B826600847016 /* Meal.swift */; };
		02C2C7FB2C1B87CD00847016 /* MealDetailView.swift in Sources */ = {isa = PBXBuildFile; fileRef = 02C2C7FA2C1B87CD00847016 /* MealDetailView.swift */; };
		02C2C7FD2C1B8C5E00847016 /* MealDetail.swift in Sources */ = {isa = PBXBuildFile; fileRef = 02C2C7FC2C1B8C5E00847016 /* MealDetail.swift */; };
		02C2C8002C2366D500847016 /* MealCardView.swift in Sources */ = {isa = PBXBuildFile; fileRef = 02C2C7FF2C2366D500847016 /* MealCardView.swift */; };
		02C2C8022C23748900847016 /* IngredientItemView.swift in Sources */ = {isa = PBXBuildFile; fileRef = 02C2C8012C23748900847016 /* IngredientItemView.swift */; };
		02C2C8042C238C0400847016 /* MealHeaderView.swift in Sources */ = {isa = PBXBuildFile; fileRef = 02C2C8032C238C0400847016 /* MealHeaderView.swift */; };
		02C2C8082C24ECF300847016 /* APIEndpoint.swift in Sources */ = {isa = PBXBuildFile; fileRef = 02C2C8072C24ECF300847016 /* APIEndpoint.swift */; };
		02C2C80A2C24ED9A00847016 /* RequestType.swift in Sources */ = {isa = PBXBuildFile; fileRef = 02C2C8092C24ED9A00847016 /* RequestType.swift */; };
		02C2C80C2C24EED600847016 /* NetworkError.swift in Sources */ = {isa = PBXBuildFile; fileRef = 02C2C80B2C24EED600847016 /* NetworkError.swift */; };
		02C2C80E2C24F22F00847016 /* MealEndpoint.swift in Sources */ = {isa = PBXBuildFile; fileRef = 02C2C80D2C24F22F00847016 /* MealEndpoint.swift */; };
		02C2C8102C25844A00847016 /* Ingredient.swift in Sources */ = {isa = PBXBuildFile; fileRef = 02C2C80F2C25844A00847016 /* Ingredient.swift */; };
		02C2C8132C2587FB00847016 /* String+IntExtraction.swift in Sources */ = {isa = PBXBuildFile; fileRef = 02C2C8122C2587FB00847016 /* String+IntExtraction.swift */; };
		02C2C8152C258E2000847016 /* SectionPicker.swift in Sources */ = {isa = PBXBuildFile; fileRef = 02C2C8142C258E2000847016 /* SectionPicker.swift */; };
		02C2C8172C25983900847016 /* SectionView.swift in Sources */ = {isa = PBXBuildFile; fileRef = 02C2C8162C25983900847016 /* SectionView.swift */; };
		02C2C8192C25FA4400847016 /* NetworkManager.swift in Sources */ = {isa = PBXBuildFile; fileRef = 02C2C8182C25FA4400847016 /* NetworkManager.swift */; };
		02C2C81B2C25FEA500847016 /* ContentViewState.swift in Sources */ = {isa = PBXBuildFile; fileRef = 02C2C81A2C25FEA500847016 /* ContentViewState.swift */; };
/* End PBXBuildFile section */

/* Begin PBXFileReference section */
		02C2C7C72C1B7FE600847016 /* Desserts.app */ = {isa = PBXFileReference; explicitFileType = wrapper.application; includeInIndex = 0; path = Desserts.app; sourceTree = BUILT_PRODUCTS_DIR; };
		02C2C7CA2C1B7FE600847016 /* DessertsApp.swift */ = {isa = PBXFileReference; lastKnownFileType = sourcecode.swift; path = DessertsApp.swift; sourceTree = "<group>"; };
		02C2C7CC2C1B7FE600847016 /* MealsView.swift */ = {isa = PBXFileReference; lastKnownFileType = sourcecode.swift; path = MealsView.swift; sourceTree = "<group>"; };
		02C2C7CE2C1B7FE900847016 /* Assets.xcassets */ = {isa = PBXFileReference; lastKnownFileType = folder.assetcatalog; path = Assets.xcassets; sourceTree = "<group>"; };
		02C2C7D12C1B7FE900847016 /* Preview Assets.xcassets */ = {isa = PBXFileReference; lastKnownFileType = folder.assetcatalog; path = "Preview Assets.xcassets"; sourceTree = "<group>"; };
		02C2C7F52C1B806200847016 /* MealClient.swift */ = {isa = PBXFileReference; lastKnownFileType = sourcecode.swift; path = MealClient.swift; sourceTree = "<group>"; };
		02C2C7F82C1B826600847016 /* Meal.swift */ = {isa = PBXFileReference; lastKnownFileType = sourcecode.swift; path = Meal.swift; sourceTree = "<group>"; };
		02C2C7FA2C1B87CD00847016 /* MealDetailView.swift */ = {isa = PBXFileReference; lastKnownFileType = sourcecode.swift; path = MealDetailView.swift; sourceTree = "<group>"; };
		02C2C7FC2C1B8C5E00847016 /* MealDetail.swift */ = {isa = PBXFileReference; lastKnownFileType = sourcecode.swift; path = MealDetail.swift; sourceTree = "<group>"; };
		02C2C7FF2C2366D500847016 /* MealCardView.swift */ = {isa = PBXFileReference; lastKnownFileType = sourcecode.swift; path = MealCardView.swift; sourceTree = "<group>"; };
		02C2C8012C23748900847016 /* IngredientItemView.swift */ = {isa = PBXFileReference; lastKnownFileType = sourcecode.swift; path = IngredientItemView.swift; sourceTree = "<group>"; };
		02C2C8032C238C0400847016 /* MealHeaderView.swift */ = {isa = PBXFileReference; lastKnownFileType = sourcecode.swift; path = MealHeaderView.swift; sourceTree = "<group>"; };
		02C2C8072C24ECF300847016 /* APIEndpoint.swift */ = {isa = PBXFileReference; lastKnownFileType = sourcecode.swift; path = APIEndpoint.swift; sourceTree = "<group>"; };
		02C2C8092C24ED9A00847016 /* RequestType.swift */ = {isa = PBXFileReference; lastKnownFileType = sourcecode.swift; path = RequestType.swift; sourceTree = "<group>"; };
		02C2C80B2C24EED600847016 /* NetworkError.swift */ = {isa = PBXFileReference; lastKnownFileType = sourcecode.swift; path = NetworkError.swift; sourceTree = "<group>"; };
		02C2C80D2C24F22F00847016 /* MealEndpoint.swift */ = {isa = PBXFileReference; lastKnownFileType = sourcecode.swift; path = MealEndpoint.swift; sourceTree = "<group>"; };
		02C2C80F2C25844A00847016 /* Ingredient.swift */ = {isa = PBXFileReference; lastKnownFileType = sourcecode.swift; path = Ingredient.swift; sourceTree = "<group>"; };
		02C2C8122C2587FB00847016 /* String+IntExtraction.swift */ = {isa = PBXFileReference; lastKnownFileType = sourcecode.swift; path = "String+IntExtraction.swift"; sourceTree = "<group>"; };
		02C2C8142C258E2000847016 /* SectionPicker.swift */ = {isa = PBXFileReference; lastKnownFileType = sourcecode.swift; path = SectionPicker.swift; sourceTree = "<group>"; };
		02C2C8162C25983900847016 /* SectionView.swift */ = {isa = PBXFileReference; lastKnownFileType = sourcecode.swift; path = SectionView.swift; sourceTree = "<group>"; };
		02C2C8182C25FA4400847016 /* NetworkManager.swift */ = {isa = PBXFileReference; lastKnownFileType = sourcecode.swift; path = NetworkManager.swift; sourceTree = "<group>"; };
		02C2C81A2C25FEA500847016 /* ContentViewState.swift */ = {isa = PBXFileReference; lastKnownFileType = sourcecode.swift; path = ContentViewState.swift; sourceTree = "<group>"; };
/* End PBXFileReference section */

/* Begin PBXFrameworksBuildPhase section */
		02C2C7C42C1B7FE600847016 /* Frameworks */ = {
			isa = PBXFrameworksBuildPhase;
			buildActionMask = 2147483647;
			files = (
			);
			runOnlyForDeploymentPostprocessing = 0;
		};
/* End PBXFrameworksBuildPhase section */

/* Begin PBXGroup section */
		02C2C7BE2C1B7FE600847016 = {
			isa = PBXGroup;
			children = (
				02C2C7C92C1B7FE600847016 /* Desserts */,
				02C2C7C82C1B7FE600847016 /* Products */,
			);
			sourceTree = "<group>";
		};
		02C2C7C82C1B7FE600847016 /* Products */ = {
			isa = PBXGroup;
			children = (
				02C2C7C72C1B7FE600847016 /* Desserts.app */,
			);
			name = Products;
			sourceTree = "<group>";
		};
		02C2C7C92C1B7FE600847016 /* Desserts */ = {
			isa = PBXGroup;
			children = (
				02C2C8112C2587C200847016 /* Utilities */,
				02C2C7FE2C23634C00847016 /* View */,
				02C2C7F72C1B825000847016 /* Model */,
				02C2C7F42C1B804900847016 /* Networking */,
				02C2C7CA2C1B7FE600847016 /* DessertsApp.swift */,
				02C2C7CE2C1B7FE900847016 /* Assets.xcassets */,
				02C2C7D02C1B7FE900847016 /* Preview Content */,
			);
			path = Desserts;
			sourceTree = "<group>";
		};
		02C2C7D02C1B7FE900847016 /* Preview Content */ = {
			isa = PBXGroup;
			children = (
				02C2C7D12C1B7FE900847016 /* Preview Assets.xcassets */,
			);
			path = "Preview Content";
			sourceTree = "<group>";
		};
		02C2C7F42C1B804900847016 /* Networking */ = {
			isa = PBXGroup;
			children = (
				02C2C7F52C1B806200847016 /* MealClient.swift */,
				02C2C8072C24ECF300847016 /* APIEndpoint.swift */,
				02C2C8092C24ED9A00847016 /* RequestType.swift */,
				02C2C80B2C24EED600847016 /* NetworkError.swift */,
				02C2C80D2C24F22F00847016 /* MealEndpoint.swift */,
				02C2C8182C25FA4400847016 /* NetworkManager.swift */,
			);
			path = Networking;
			sourceTree = "<group>";
		};
		02C2C7F72C1B825000847016 /* Model */ = {
			isa = PBXGroup;
			children = (
				02C2C7F82C1B826600847016 /* Meal.swift */,
				02C2C7FC2C1B8C5E00847016 /* MealDetail.swift */,
				02C2C80F2C25844A00847016 /* Ingredient.swift */,
				02C2C81A2C25FEA500847016 /* ContentViewState.swift */,
			);
			path = Model;
			sourceTree = "<group>";
		};
		02C2C7FE2C23634C00847016 /* View */ = {
			isa = PBXGroup;
			children = (
				02C2C7CC2C1B7FE600847016 /* MealsView.swift */,
				02C2C7FA2C1B87CD00847016 /* MealDetailView.swift */,
				02C2C7FF2C2366D500847016 /* MealCardView.swift */,
				02C2C8012C23748900847016 /* IngredientItemView.swift */,
				02C2C8032C238C0400847016 /* MealHeaderView.swift */,
				02C2C8142C258E2000847016 /* SectionPicker.swift */,
				02C2C8162C25983900847016 /* SectionView.swift */,
			);
			path = View;
			sourceTree = "<group>";
		};
		02C2C8112C2587C200847016 /* Utilities */ = {
			isa = PBXGroup;
			children = (
				02C2C8122C2587FB00847016 /* String+IntExtraction.swift */,
			);
			path = Utilities;
			sourceTree = "<group>";
		};
/* End PBXGroup section */

/* Begin PBXNativeTarget section */
		02C2C7C62C1B7FE600847016 /* Desserts */ = {
			isa = PBXNativeTarget;
			buildConfigurationList = 02C2C7EB2C1B7FEA00847016 /* Build configuration list for PBXNativeTarget "Desserts" */;
			buildPhases = (
				02C2C7C32C1B7FE600847016 /* Sources */,
				02C2C7C42C1B7FE600847016 /* Frameworks */,
				02C2C7C52C1B7FE600847016 /* Resources */,
			);
			buildRules = (
			);
			dependencies = (
			);
			name = Desserts;
			productName = Desserts;
			productReference = 02C2C7C72C1B7FE600847016 /* Desserts.app */;
			productType = "com.apple.product-type.application";
		};
/* End PBXNativeTarget section */

/* Begin PBXProject section */
		02C2C7BF2C1B7FE600847016 /* Project object */ = {
			isa = PBXProject;
			attributes = {
				BuildIndependentTargetsInParallel = 1;
				LastSwiftUpdateCheck = 1520;
				LastUpgradeCheck = 1520;
				TargetAttributes = {
					02C2C7C62C1B7FE600847016 = {
						CreatedOnToolsVersion = 15.2;
					};
				};
			};
			buildConfigurationList = 02C2C7C22C1B7FE600847016 /* Build configuration list for PBXProject "Desserts" */;
			compatibilityVersion = "Xcode 14.0";
			developmentRegion = en;
			hasScannedForEncodings = 0;
			knownRegions = (
				en,
				Base,
			);
			mainGroup = 02C2C7BE2C1B7FE600847016;
			productRefGroup = 02C2C7C82C1B7FE600847016 /* Products */;
			projectDirPath = "";
			projectRoot = "";
			targets = (
				02C2C7C62C1B7FE600847016 /* Desserts */,
			);
		};
/* End PBXProject section */

/* Begin PBXResourcesBuildPhase section */
		02C2C7C52C1B7FE600847016 /* Resources */ = {
			isa = PBXResourcesBuildPhase;
			buildActionMask = 2147483647;
			files = (
				02C2C7D22C1B7FE900847016 /* Preview Assets.xcassets in Resources */,
				02C2C7CF2C1B7FE900847016 /* Assets.xcassets in Resources */,
			);
			runOnlyForDeploymentPostprocessing = 0;
		};
/* End PBXResourcesBuildPhase section */

/* Begin PBXSourcesBuildPhase section */
		02C2C7C32C1B7FE600847016 /* Sources */ = {
			isa = PBXSourcesBuildPhase;
			buildActionMask = 2147483647;
			files = (
				02C2C8192C25FA4400847016 /* NetworkManager.swift in Sources */,
				02C2C80E2C24F22F00847016 /* MealEndpoint.swift in Sources */,
				02C2C8152C258E2000847016 /* SectionPicker.swift in Sources */,
				02C2C7F92C1B826600847016 /* Meal.swift in Sources */,
				02C2C8102C25844A00847016 /* Ingredient.swift in Sources */,
				02C2C7CD2C1B7FE600847016 /* MealsView.swift in Sources */,
				02C2C8002C2366D500847016 /* MealCardView.swift in Sources */,
				02C2C7CB2C1B7FE600847016 /* DessertsApp.swift in Sources */,
				02C2C8082C24ECF300847016 /* APIEndpoint.swift in Sources */,
				02C2C7FD2C1B8C5E00847016 /* MealDetail.swift in Sources */,
				02C2C81B2C25FEA500847016 /* ContentViewState.swift in Sources */,
				02C2C8042C238C0400847016 /* MealHeaderView.swift in Sources */,
				02C2C7FB2C1B87CD00847016 /* MealDetailView.swift in Sources */,
				02C2C8172C25983900847016 /* SectionView.swift in Sources */,
				02C2C8132C2587FB00847016 /* String+IntExtraction.swift in Sources */,
				02C2C8022C23748900847016 /* IngredientItemView.swift in Sources */,
				02C2C7F62C1B806200847016 /* MealClient.swift in Sources */,
				02C2C80C2C24EED600847016 /* NetworkError.swift in Sources */,
				02C2C80A2C24ED9A00847016 /* RequestType.swift in Sources */,
			);
			runOnlyForDeploymentPostprocessing = 0;
		};
/* End PBXSourcesBuildPhase section */

/* Begin XCBuildConfiguration section */
		02C2C7E92C1B7FEA00847016 /* Debug */ = {
			isa = XCBuildConfiguration;
			buildSettings = {
				ALWAYS_SEARCH_USER_PATHS = NO;
				ASSETCATALOG_COMPILER_GENERATE_SWIFT_ASSET_SYMBOL_EXTENSIONS = YES;
				CLANG_ANALYZER_NONNULL = YES;
				CLANG_ANALYZER_NUMBER_OBJECT_CONVERSION = YES_AGGRESSIVE;
				CLANG_CXX_LANGUAGE_STANDARD = "gnu++20";
				CLANG_ENABLE_MODULES = YES;
				CLANG_ENABLE_OBJC_ARC = YES;
				CLANG_ENABLE_OBJC_WEAK = YES;
				CLANG_WARN_BLOCK_CAPTURE_AUTORELEASING = YES;
				CLANG_WARN_BOOL_CONVERSION = YES;
				CLANG_WARN_COMMA = YES;
				CLANG_WARN_CONSTANT_CONVERSION = YES;
				CLANG_WARN_DEPRECATED_OBJC_IMPLEMENTATIONS = YES;
				CLANG_WARN_DIRECT_OBJC_ISA_USAGE = YES_ERROR;
				CLANG_WARN_DOCUMENTATION_COMMENTS = YES;
				CLANG_WARN_EMPTY_BODY = YES;
				CLANG_WARN_ENUM_CONVERSION = YES;
				CLANG_WARN_INFINITE_RECURSION = YES;
				CLANG_WARN_INT_CONVERSION = YES;
				CLANG_WARN_NON_LITERAL_NULL_CONVERSION = YES;
				CLANG_WARN_OBJC_IMPLICIT_RETAIN_SELF = YES;
				CLANG_WARN_OBJC_LITERAL_CONVERSION = YES;
				CLANG_WARN_OBJC_ROOT_CLASS = YES_ERROR;
				CLANG_WARN_QUOTED_INCLUDE_IN_FRAMEWORK_HEADER = YES;
				CLANG_WARN_RANGE_LOOP_ANALYSIS = YES;
				CLANG_WARN_STRICT_PROTOTYPES = YES;
				CLANG_WARN_SUSPICIOUS_MOVE = YES;
				CLANG_WARN_UNGUARDED_AVAILABILITY = YES_AGGRESSIVE;
				CLANG_WARN_UNREACHABLE_CODE = YES;
				CLANG_WARN__DUPLICATE_METHOD_MATCH = YES;
				COPY_PHASE_STRIP = NO;
				DEBUG_INFORMATION_FORMAT = dwarf;
				ENABLE_STRICT_OBJC_MSGSEND = YES;
				ENABLE_TESTABILITY = YES;
				ENABLE_USER_SCRIPT_SANDBOXING = YES;
				GCC_C_LANGUAGE_STANDARD = gnu17;
				GCC_DYNAMIC_NO_PIC = NO;
				GCC_NO_COMMON_BLOCKS = YES;
				GCC_OPTIMIZATION_LEVEL = 0;
				GCC_PREPROCESSOR_DEFINITIONS = (
					"DEBUG=1",
					"$(inherited)",
				);
				GCC_WARN_64_TO_32_BIT_CONVERSION = YES;
				GCC_WARN_ABOUT_RETURN_TYPE = YES_ERROR;
				GCC_WARN_UNDECLARED_SELECTOR = YES;
				GCC_WARN_UNINITIALIZED_AUTOS = YES_AGGRESSIVE;
				GCC_WARN_UNUSED_FUNCTION = YES;
				GCC_WARN_UNUSED_VARIABLE = YES;
				IPHONEOS_DEPLOYMENT_TARGET = 17.2;
				LOCALIZATION_PREFERS_STRING_CATALOGS = YES;
				MTL_ENABLE_DEBUG_INFO = INCLUDE_SOURCE;
				MTL_FAST_MATH = YES;
				ONLY_ACTIVE_ARCH = YES;
				SDKROOT = iphoneos;
				SWIFT_ACTIVE_COMPILATION_CONDITIONS = "DEBUG $(inherited)";
				SWIFT_OPTIMIZATION_LEVEL = "-Onone";
			};
			name = Debug;
		};
		02C2C7EA2C1B7FEA00847016 /* Release */ = {
			isa = XCBuildConfiguration;
			buildSettings = {
				ALWAYS_SEARCH_USER_PATHS = NO;
				ASSETCATALOG_COMPILER_GENERATE_SWIFT_ASSET_SYMBOL_EXTENSIONS = YES;
				CLANG_ANALYZER_NONNULL = YES;
				CLANG_ANALYZER_NUMBER_OBJECT_CONVERSION = YES_AGGRESSIVE;
				CLANG_CXX_LANGUAGE_STANDARD = "gnu++20";
				CLANG_ENABLE_MODULES = YES;
				CLANG_ENABLE_OBJC_ARC = YES;
				CLANG_ENABLE_OBJC_WEAK = YES;
				CLANG_WARN_BLOCK_CAPTURE_AUTORELEASING = YES;
				CLANG_WARN_BOOL_CONVERSION = YES;
				CLANG_WARN_COMMA = YES;
				CLANG_WARN_CONSTANT_CONVERSION = YES;
				CLANG_WARN_DEPRECATED_OBJC_IMPLEMENTATIONS = YES;
				CLANG_WARN_DIRECT_OBJC_ISA_USAGE = YES_ERROR;
				CLANG_WARN_DOCUMENTATION_COMMENTS = YES;
				CLANG_WARN_EMPTY_BODY = YES;
				CLANG_WARN_ENUM_CONVERSION = YES;
				CLANG_WARN_INFINITE_RECURSION = YES;
				CLANG_WARN_INT_CONVERSION = YES;
				CLANG_WARN_NON_LITERAL_NULL_CONVERSION = YES;
				CLANG_WARN_OBJC_IMPLICIT_RETAIN_SELF = YES;
				CLANG_WARN_OBJC_LITERAL_CONVERSION = YES;
				CLANG_WARN_OBJC_ROOT_CLASS = YES_ERROR;
				CLANG_WARN_QUOTED_INCLUDE_IN_FRAMEWORK_HEADER = YES;
				CLANG_WARN_RANGE_LOOP_ANALYSIS = YES;
				CLANG_WARN_STRICT_PROTOTYPES = YES;
				CLANG_WARN_SUSPICIOUS_MOVE = YES;
				CLANG_WARN_UNGUARDED_AVAILABILITY = YES_AGGRESSIVE;
				CLANG_WARN_UNREACHABLE_CODE = YES;
				CLANG_WARN__DUPLICATE_METHOD_MATCH = YES;
				COPY_PHASE_STRIP = NO;
				DEBUG_INFORMATION_FORMAT = "dwarf-with-dsym";
				ENABLE_NS_ASSERTIONS = NO;
				ENABLE_STRICT_OBJC_MSGSEND = YES;
				ENABLE_USER_SCRIPT_SANDBOXING = YES;
				GCC_C_LANGUAGE_STANDARD = gnu17;
				GCC_NO_COMMON_BLOCKS = YES;
				GCC_WARN_64_TO_32_BIT_CONVERSION = YES;
				GCC_WARN_ABOUT_RETURN_TYPE = YES_ERROR;
				GCC_WARN_UNDECLARED_SELECTOR = YES;
				GCC_WARN_UNINITIALIZED_AUTOS = YES_AGGRESSIVE;
				GCC_WARN_UNUSED_FUNCTION = YES;
				GCC_WARN_UNUSED_VARIABLE = YES;
				IPHONEOS_DEPLOYMENT_TARGET = 17.2;
				LOCALIZATION_PREFERS_STRING_CATALOGS = YES;
				MTL_ENABLE_DEBUG_INFO = NO;
				MTL_FAST_MATH = YES;
				SDKROOT = iphoneos;
				SWIFT_COMPILATION_MODE = wholemodule;
				VALIDATE_PRODUCT = YES;
			};
			name = Release;
		};
		02C2C7EC2C1B7FEA00847016 /* Debug */ = {
			isa = XCBuildConfiguration;
			buildSettings = {
				ASSETCATALOG_COMPILER_APPICON_NAME = AppIcon;
				ASSETCATALOG_COMPILER_GLOBAL_ACCENT_COLOR_NAME = AccentColor;
				CODE_SIGN_STYLE = Automatic;
				CURRENT_PROJECT_VERSION = 1;
				DEVELOPMENT_ASSET_PATHS = "\"Desserts/Preview Content\"";
				DEVELOPMENT_TEAM = Z6L4HT99JB;
				ENABLE_PREVIEWS = YES;
				GENERATE_INFOPLIST_FILE = YES;
				INFOPLIST_KEY_UIApplicationSceneManifest_Generation = YES;
				INFOPLIST_KEY_UIApplicationSupportsIndirectInputEvents = YES;
				INFOPLIST_KEY_UILaunchScreen_Generation = YES;
				INFOPLIST_KEY_UISupportedInterfaceOrientations_iPad = "UIInterfaceOrientationPortrait UIInterfaceOrientationPortraitUpsideDown UIInterfaceOrientationLandscapeLeft UIInterfaceOrientationLandscapeRight";
				INFOPLIST_KEY_UISupportedInterfaceOrientations_iPhone = "UIInterfaceOrientationPortrait UIInterfaceOrientationLandscapeLeft UIInterfaceOrientationLandscapeRight";
				LD_RUNPATH_SEARCH_PATHS = (
					"$(inherited)",
					"@executable_path/Frameworks",
				);
				MARKETING_VERSION = 1.0;
				PRODUCT_BUNDLE_IDENTIFIER = logan.Desserts;
				PRODUCT_NAME = "$(TARGET_NAME)";
				SWIFT_EMIT_LOC_STRINGS = YES;
				SWIFT_VERSION = 5.0;
				TARGETED_DEVICE_FAMILY = "1,2";
			};
			name = Debug;
		};
		02C2C7ED2C1B7FEA00847016 /* Release */ = {
			isa = XCBuildConfiguration;
			buildSettings = {
				ASSETCATALOG_COMPILER_APPICON_NAME = AppIcon;
				ASSETCATALOG_COMPILER_GLOBAL_ACCENT_COLOR_NAME = AccentColor;
				CODE_SIGN_STYLE = Automatic;
				CURRENT_PROJECT_VERSION = 1;
				DEVELOPMENT_ASSET_PATHS = "\"Desserts/Preview Content\"";
				DEVELOPMENT_TEAM = Z6L4HT99JB;
				ENABLE_PREVIEWS = YES;
				GENERATE_INFOPLIST_FILE = YES;
				INFOPLIST_KEY_UIApplicationSceneManifest_Generation = YES;
				INFOPLIST_KEY_UIApplicationSupportsIndirectInputEvents = YES;
				INFOPLIST_KEY_UILaunchScreen_Generation = YES;
				INFOPLIST_KEY_UISupportedInterfaceOrientations_iPad = "UIInterfaceOrientationPortrait UIInterfaceOrientationPortraitUpsideDown UIInterfaceOrientationLandscapeLeft UIInterfaceOrientationLandscapeRight";
				INFOPLIST_KEY_UISupportedInterfaceOrientations_iPhone = "UIInterfaceOrientationPortrait UIInterfaceOrientationLandscapeLeft UIInterfaceOrientationLandscapeRight";
				LD_RUNPATH_SEARCH_PATHS = (
					"$(inherited)",
					"@executable_path/Frameworks",
				);
				MARKETING_VERSION = 1.0;
				PRODUCT_BUNDLE_IDENTIFIER = logan.Desserts;
				PRODUCT_NAME = "$(TARGET_NAME)";
				SWIFT_EMIT_LOC_STRINGS = YES;
				SWIFT_VERSION = 5.0;
				TARGETED_DEVICE_FAMILY = "1,2";
			};
			name = Release;
		};
/* End XCBuildConfiguration section */

/* Begin XCConfigurationList section */
		02C2C7C22C1B7FE600847016 /* Build configuration list for PBXProject "Desserts" */ = {
			isa = XCConfigurationList;
			buildConfigurations = (
				02C2C7E92C1B7FEA00847016 /* Debug */,
				02C2C7EA2C1B7FEA00847016 /* Release */,
			);
			defaultConfigurationIsVisible = 0;
			defaultConfigurationName = Release;
		};
		02C2C7EB2C1B7FEA00847016 /* Build configuration list for PBXNativeTarget "Desserts" */ = {
			isa = XCConfigurationList;
			buildConfigurations = (
				02C2C7EC2C1B7FEA00847016 /* Debug */,
				02C2C7ED2C1B7FEA00847016 /* Release */,
			);
			defaultConfigurationIsVisible = 0;
			defaultConfigurationName = Release;
		};
/* End XCConfigurationList section */
	};
	rootObject = 02C2C7BF2C1B7FE600847016 /* Project object */;
}
